{
  "name": "product-service",
  "lockfileVersion": 2,
  "requires": true,
  "packages": {
    "": {
      "dependencies": {
        "review-service-cds": "file:review-service-cds-1.0.0.tgz"
      }
    },
    "node_modules/review-service-cds": {
      "version": "1.0.0",
      "resolved": "file:review-service-cds-1.0.0.tgz",
      "integrity": "sha512-4082yC+t2tLdQwa4XVEdCL51wAtp7EwLooa1O1PHj41R1TBnfsVzP/zxGVDhRE7PhHxNIe/4LwNTmb4KbOnnww==",
      "license": "ISC"
    }
  },
  "dependencies": {
    "review-service-cds": {
      "version": "file:review-service-cds-1.0.0.tgz",
      "integrity": "sha512-4082yC+t2tLdQwa4XVEdCL51wAtp7EwLooa1O1PHj41R1TBnfsVzP/zxGVDhRE7PhHxNIe/4LwNTmb4KbOnnww=="
    }
  }
}
